
Microsoft Visual Studio Solution File, Format Version 12.00
Project("{FAE04EC0-301F-11D3-BF4B-00C04F79EFBC}") = "SoundManager", "src\SoundManager\SoundManager.csproj", "{0524B439-399D-46E2-B6EA-3272361D281F}"
EndProject
Project("{FAE04EC0-301F-11D3-BF4B-00C04F79EFBC}") = "SoundManager.Core", "src\SoundManager.Core\SoundManager.Core.csproj", "{69CC740E-29C5-451C-B453-6BD585FCE506}"
EndProject
Project("{FAE04EC0-301F-11D3-BF4B-00C04F79EFBC}") = "SoundManager.Infrastructure", "src\SoundManager.Infrastructure\SoundManager.Infrastructure.csproj", "{A41D76BD-7A1A-4796-AB4F-952E42157804}"
EndProject
Project("{FAE04EC0-301F-11D3-BF4B-00C04F79EFBC}") = "SoundManager.UseCases", "src\SoundManager.UseCases\SoundManager.UseCases.csproj", "{1A3FDBBB-B285-48DF-81D0-EC0C3EB125C7}"
EndProject
Project("{2150E333-8FDC-42A3-9474-1A3956D46DE8}") = "src", "src", "{8BBF3F72-B8E0-4020-B015-E9B2C3E59538}"
EndProject
Project("{2150E333-8FDC-42A3-9474-1A3956D46DE8}") = "tests", "tests", "{D01936B3-4E41-4E95-82EA-4F3FD74F22CA}"
EndProject
Project("{FAE04EC0-301F-11D3-BF4B-00C04F79EFBC}") = "SoundManager.Tests.Integration", "tests\SoundManager.Tests.Integration\SoundManager.Tests.Integration.csproj", "{F03B43F4-2C09-43C7-AB76-933D5EC9BFD0}"
EndProject
Global
	GlobalSection(SolutionConfigurationPlatforms) = preSolution
		Debug|Any CPU = Debug|Any CPU
		Release|Any CPU = Release|Any CPU
	EndGlobalSection
	GlobalSection(ProjectConfigurationPlatforms) = postSolution
		{0524B439-399D-46E2-B6EA-3272361D281F}.Debug|Any CPU.ActiveCfg = Debug|Any CPU
		{0524B439-399D-46E2-B6EA-3272361D281F}.Debug|Any CPU.Build.0 = Debug|Any CPU
		{0524B439-399D-46E2-B6EA-3272361D281F}.Release|Any CPU.ActiveCfg = Release|Any CPU
		{0524B439-399D-46E2-B6EA-3272361D281F}.Release|Any CPU.Build.0 = Release|Any CPU
		{69CC740E-29C5-451C-B453-6BD585FCE506}.Debug|Any CPU.ActiveCfg = Debug|Any CPU
		{69CC740E-29C5-451C-B453-6BD585FCE506}.Debug|Any CPU.Build.0 = Debug|Any CPU
		{69CC740E-29C5-451C-B453-6BD585FCE506}.Release|Any CPU.ActiveCfg = Release|Any CPU
		{69CC740E-29C5-451C-B453-6BD585FCE506}.Release|Any CPU.Build.0 = Release|Any CPU
		{A41D76BD-7A1A-4796-AB4F-952E42157804}.Debug|Any CPU.ActiveCfg = Debug|Any CPU
		{A41D76BD-7A1A-4796-AB4F-952E42157804}.Debug|Any CPU.Build.0 = Debug|Any CPU
		{A41D76BD-7A1A-4796-AB4F-952E42157804}.Release|Any CPU.ActiveCfg = Release|Any CPU
		{A41D76BD-7A1A-4796-AB4F-952E42157804}.Release|Any CPU.Build.0 = Release|Any CPU
		{1A3FDBBB-B285-48DF-81D0-EC0C3EB125C7}.Debug|Any CPU.ActiveCfg = Debug|Any CPU
		{1A3FDBBB-B285-48DF-81D0-EC0C3EB125C7}.Debug|Any CPU.Build.0 = Debug|Any CPU
		{1A3FDBBB-B285-48DF-81D0-EC0C3EB125C7}.Release|Any CPU.ActiveCfg = Release|Any CPU
		{1A3FDBBB-B285-48DF-81D0-EC0C3EB125C7}.Release|Any CPU.Build.0 = Release|Any CPU
		{F03B43F4-2C09-43C7-AB76-933D5EC9BFD0}.Debug|Any CPU.ActiveCfg = Debug|Any CPU
		{F03B43F4-2C09-43C7-AB76-933D5EC9BFD0}.Debug|Any CPU.Build.0 = Debug|Any CPU
		{F03B43F4-2C09-43C7-AB76-933D5EC9BFD0}.Release|Any CPU.ActiveCfg = Release|Any CPU
		{F03B43F4-2C09-43C7-AB76-933D5EC9BFD0}.Release|Any CPU.Build.0 = Release|Any CPU
	EndGlobalSection
	GlobalSection(NestedProjects) = preSolution
		{0524B439-399D-46E2-B6EA-3272361D281F} = {8BBF3F72-B8E0-4020-B015-E9B2C3E59538}
		{69CC740E-29C5-451C-B453-6BD585FCE506} = {8BBF3F72-B8E0-4020-B015-E9B2C3E59538}
		{A41D76BD-7A1A-4796-AB4F-952E42157804} = {8BBF3F72-B8E0-4020-B015-E9B2C3E59538}
		{1A3FDBBB-B285-48DF-81D0-EC0C3EB125C7} = {8BBF3F72-B8E0-4020-B015-E9B2C3E59538}
		{F03B43F4-2C09-43C7-AB76-933D5EC9BFD0} = {D01936B3-4E41-4E95-82EA-4F3FD74F22CA}
	EndGlobalSection
EndGlobal
